<?xml version="1.0" encoding="utf-8"?>
<Project ToolsVersion="4.0" xmlns="http://schemas.microsoft.com/developer/msbuild/2003">
  <ItemGroup>
    <ClCompile Include="StdAfx.cpp" />
    <ClCompile Include="CustomDrawSliderCtrl.cpp" />
  </ItemGroup>
  <ItemGroup>
    <ClInclude Include="StdAfx.h" />
    <ClInclude Include="resource.h">
      <Filter>rez</Filter>
    </ClInclude>
    <ClInclude Include="CustomDrawSliderCtrl.h" />
  </ItemGroup>
  <ItemGroup>
    <Filter Include="rez">
      <UniqueIdentifier>{fde6079a-c422-4812-82a0-2ccfcbc02e5b}</UniqueIdentifier>
    </Filter>
  </ItemGroup>
  <ItemGroup>
    <ResourceCompile Include="GTColorDialog.rc">
      <Filter>rez</Filter>
    </ResourceCompile>
  </ItemGroup>
</Project>