<?xml version="1.0" encoding="utf-8"?>
<Project ToolsVersion="4.0" xmlns="http://schemas.microsoft.com/developer/msbuild/2003">
  <ItemGroup>
    <ClCompile Include="ATator.Main.cpp" />
    <ClCompile Include="stdafx.cpp" />
    <ClCompile Include="..\UT\debug.assistance.cpp">
      <Filter>UT</Filter>
    </ClCompile>
  </ItemGroup>
  <ItemGroup>
    <ClInclude Include="ATator.MemDlg.h" />
    <ClInclude Include="CDefaultWin32Dlg.h" />
    <ClInclude Include="stdafx.h" />
    <ClInclude Include="targetver.h" />
    <ClInclude Include="resource.h">
      <Filter>rez</Filter>
    </ClInclude>
    <ClInclude Include="..\UT\debug.assistance.h">
      <Filter>UT</Filter>
    </ClInclude>
  </ItemGroup>
  <ItemGroup>
    <Filter Include="rez">
      <UniqueIdentifier>{fbd2a61b-b751-4765-971b-a305796c7940}</UniqueIdentifier>
    </Filter>
    <Filter Include="UT">
      <UniqueIdentifier>{2f602439-9870-4a97-8d6d-549f26dfe01b}</UniqueIdentifier>
    </Filter>
  </ItemGroup>
  <ItemGroup>
    <ResourceCompile Include="axyz-wtl-tator.rc">
      <Filter>rez</Filter>
    </ResourceCompile>
  </ItemGroup>
  <ItemGroup>
    <Image Include="ATator.Main.ico">
      <Filter>rez</Filter>
    </Image>
  </ItemGroup>
</Project>