<?xml version="1.0" encoding="utf-8"?>
<Project ToolsVersion="4.0" xmlns="http://schemas.microsoft.com/developer/msbuild/2003">
  <ItemGroup>
    <Filter Include="gen">
      <UniqueIdentifier>{fd3b67c2-f731-4ca1-bbcc-6409a6eb790a}</UniqueIdentifier>
      <SourceControlFiles>False</SourceControlFiles>
    </Filter>
    <Filter Include="pages">
      <UniqueIdentifier>{21646ebd-fcab-4087-8363-f5709637b93e}</UniqueIdentifier>
    </Filter>
    <Filter Include="theme">
      <UniqueIdentifier>{52d02225-c195-42c8-94e7-587f039d908c}</UniqueIdentifier>
    </Filter>
    <Filter Include="resz">
      <UniqueIdentifier>{67DA6AB6-F800-4c08-8B7A-83BB121AAD01}</UniqueIdentifier>
      <Extensions>rc;ico;cur;bmp;dlg;rc2;rct;bin;rgs;gif;jpg;jpeg;jpe;resx;tiff;tif;png;wav;mfcribbon-ms</Extensions>
    </Filter>
    <Filter Include="resz\iconz">
      <UniqueIdentifier>{752194b8-58ae-4ad0-a95a-9bee63459322}</UniqueIdentifier>
    </Filter>
  </ItemGroup>
  <ItemGroup>
    <ClInclude Include="framework.h" />
    <ClInclude Include="targetver.h" />
    <ClInclude Include="stdafx.h" />
    <ClInclude Include="luicMain.h" />
    <ClInclude Include="idl\legacy-ui-configurator_i.h">
      <Filter>gen</Filter>
    </ClInclude>
    <ClInclude Include="luicPageImpl.h" />
    <ClInclude Include="luicAppearance.h">
      <Filter>pages</Filter>
    </ClInclude>
    <ClInclude Include="luicBackground.h">
      <Filter>pages</Filter>
    </ClInclude>
    <ClInclude Include="luicEffects.h">
      <Filter>pages</Filter>
    </ClInclude>
    <ClInclude Include="luicPageDlgTemplate.h">
      <Filter>pages</Filter>
    </ClInclude>
    <ClInclude Include="luicScreenSaver.h">
      <Filter>pages</Filter>
    </ClInclude>
    <ClInclude Include="luicSettings.h">
      <Filter>pages</Filter>
    </ClInclude>
    <ClInclude Include="luicWeb.h">
      <Filter>pages</Filter>
    </ClInclude>
    <ClInclude Include="luicTheme.h">
      <Filter>theme</Filter>
    </ClInclude>
    <ClInclude Include="luicThemePreviewer.h">
      <Filter>theme</Filter>
    </ClInclude>
    <ClInclude Include="luicDrawings.h">
      <Filter>theme</Filter>
    </ClInclude>
    <ClInclude Include="luicPageDllIcons.h">
      <Filter>pages</Filter>
    </ClInclude>
    <ClInclude Include="luicMainFrame.h" />
    <ClInclude Include="luicMainView.h" />
    <ClInclude Include="resz\resource.h">
      <Filter>resz</Filter>
    </ClInclude>
    <ClInclude Include="luicFontDef.h">
      <Filter>theme</Filter>
    </ClInclude>
  </ItemGroup>
  <ItemGroup>
    <ClCompile Include="stdafx.cpp" />
    <ClCompile Include="luicMain.cpp" />
    <ClCompile Include="idl\legacy-ui-configurator_i.c">
      <Filter>gen</Filter>
    </ClCompile>
    <ClCompile Include="luicPageImpl.cpp" />
    <ClCompile Include="luicAppearance.cpp">
      <Filter>pages</Filter>
    </ClCompile>
    <ClCompile Include="luicBackground.cpp">
      <Filter>pages</Filter>
    </ClCompile>
    <ClCompile Include="luicEffects.cpp">
      <Filter>pages</Filter>
    </ClCompile>
    <ClCompile Include="luicPageDlgTemplate.cpp">
      <Filter>pages</Filter>
    </ClCompile>
    <ClCompile Include="luicScreenSaver.cpp">
      <Filter>pages</Filter>
    </ClCompile>
    <ClCompile Include="luicSettings.cpp">
      <Filter>pages</Filter>
    </ClCompile>
    <ClCompile Include="luicWeb.cpp">
      <Filter>pages</Filter>
    </ClCompile>
    <ClCompile Include="luicTheme.cpp">
      <Filter>theme</Filter>
    </ClCompile>
    <ClCompile Include="luicThemePreviewer.cpp">
      <Filter>theme</Filter>
    </ClCompile>
    <ClCompile Include="luicDrawings.cpp">
      <Filter>theme</Filter>
    </ClCompile>
    <ClCompile Include="luicPageDllIcons.cpp">
      <Filter>pages</Filter>
    </ClCompile>
    <ClCompile Include="luicMainFrame.cpp" />
    <ClCompile Include="luicMainView.cpp" />
    <ClCompile Include="luicFontDef.cpp">
      <Filter>theme</Filter>
    </ClCompile>
  </ItemGroup>
  <ItemGroup>
    <ResourceCompile Include="resz\legacy-ui-configurator.rc">
      <Filter>resz</Filter>
    </ResourceCompile>
  </ItemGroup>
  <ItemGroup>
    <None Include="resz\legacy-ui-configurator.rgs">
      <Filter>resz</Filter>
    </None>
  </ItemGroup>
  <ItemGroup>
    <Image Include="resz\rom-0.ico">
      <Filter>resz\iconz</Filter>
    </Image>
    <Image Include="resz\rom-1.ico">
      <Filter>resz\iconz</Filter>
    </Image>
    <Image Include="rom-1.ico">
      <Filter>resz\iconz</Filter>
    </Image>
    <Image Include="resz\rom-2.ico">
      <Filter>resz\iconz</Filter>
    </Image>
    <Image Include="rom-2.ico">
      <Filter>resz\iconz</Filter>
    </Image>
    <Image Include="resz\rom-delete.ico">
      <Filter>resz\iconz</Filter>
    </Image>
    <Image Include="rom-delete.ico">
      <Filter>resz\iconz</Filter>
    </Image>
    <Image Include="resz\rom-open.ico">
      <Filter>resz\iconz</Filter>
    </Image>
    <Image Include="rom-open.ico">
      <Filter>resz\iconz</Filter>
    </Image>
    <Image Include="resz\rom-rename.ico">
      <Filter>resz\iconz</Filter>
    </Image>
    <Image Include="rom-rename.ico">
      <Filter>resz\iconz</Filter>
    </Image>
    <Image Include="resz\rom-save.ico">
      <Filter>resz\iconz</Filter>
    </Image>
    <Image Include="rom-save.ico">
      <Filter>resz\iconz</Filter>
    </Image>
    <Image Include="rom-my-comp.ico">
      <Filter>resz\iconz</Filter>
    </Image>
    <Image Include="resz\rom-my-comp.ico">
      <Filter>resz\iconz</Filter>
    </Image>
    <Image Include="bom-font-bold.ico">
      <Filter>resz\iconz</Filter>
    </Image>
    <Image Include="resz\bom-font-bold.ico">
      <Filter>resz\iconz</Filter>
    </Image>
    <Image Include="resz\rom-7-matreshka.ico">
      <Filter>resz\iconz</Filter>
    </Image>
    <Image Include="rom-7-matreshka.ico">
      <Filter>resz\iconz</Filter>
    </Image>
  </ItemGroup>
  <ItemGroup>
    <Midl Include="idl\legacy-ui-configurator.idl">
      <Filter>gen</Filter>
    </Midl>
  </ItemGroup>
  <ItemGroup>
    <Manifest Include="resz\legacy-ui-configurator.exe.manifest">
      <Filter>resz</Filter>
    </Manifest>
  </ItemGroup>
</Project>