<?xml version="1.0" encoding="utf-8"?>
<Project ToolsVersion="4.0" xmlns="http://schemas.microsoft.com/developer/msbuild/2003">
  <ItemGroup>
    <ClCompile Include="generic.cpp">
      <Filter>infrastructure</Filter>
    </ClCompile>
    <ClCompile Include="pch.cxx">
      <Filter>infrastructure</Filter>
    </ClCompile>
    <ClCompile Include="UT.entry.cxx">
      <Filter>infrastructure</Filter>
    </ClCompile>
    <ClCompile Include="test.dlgz.cpp" />
    <ClCompile Include="test.aero.dlgz.cpp" />
    <ClCompile Include="basic.win.tests.cpp" />
    <ClCompile Include="test.winui.cpp" />
    <ClCompile Include="winui.composition.cpp">
      <Filter>infrastructure</Filter>
    </ClCompile>
  </ItemGroup>
  <ItemGroup>
    <ClInclude Include="rez\resource.h">
      <Filter>res</Filter>
    </ClInclude>
    <ClInclude Include="pch.hxx">
      <Filter>infrastructure</Filter>
    </ClInclude>
    <ClInclude Include="err.printer.h">
      <Filter>infrastructure</Filter>
    </ClInclude>
    <ClInclude Include="wtl.aero.h">
      <Filter>infrastructure</Filter>
    </ClInclude>
    <ClInclude Include="winui.composition.h">
      <Filter>infrastructure</Filter>
    </ClInclude>
    <ClInclude Include="desktop.composition.window.h">
      <Filter>infrastructure</Filter>
    </ClInclude>
    <ClInclude Include="debug.assistance.h">
      <Filter>infrastructure</Filter>
    </ClInclude>
  </ItemGroup>
  <ItemGroup>
    <Filter Include="res">
      <UniqueIdentifier>{87c6e9d6-3d99-425b-a671-2b10a9f4c13d}</UniqueIdentifier>
    </Filter>
    <Filter Include="infrastructure">
      <UniqueIdentifier>{719600b0-989d-4f7f-8f45-bd20c6a5e6c6}</UniqueIdentifier>
    </Filter>
  </ItemGroup>
  <ItemGroup>
    <ResourceCompile Include="rez\UT.rc">
      <Filter>res</Filter>
    </ResourceCompile>
  </ItemGroup>
  <ItemGroup>
    <Image Include="icons\imCompareItemFailed.ico">
      <Filter>res</Filter>
    </Image>
    <Image Include="rez\icons\imCompareItemFailed.ico">
      <Filter>res</Filter>
    </Image>
    <Image Include="icons\imCompareItemPassed.ico">
      <Filter>res</Filter>
    </Image>
    <Image Include="rez\icons\imCompareItemPassed.ico">
      <Filter>res</Filter>
    </Image>
    <Image Include="rez\icons\wsl.ico">
      <Filter>res</Filter>
    </Image>
    <Image Include="rez\icons\wtl.ico">
      <Filter>res</Filter>
    </Image>
  </ItemGroup>
  <ItemGroup>
    <Manifest Include="rez\UT.exe.manifest">
      <Filter>res</Filter>
    </Manifest>
  </ItemGroup>
</Project>