<?xml version="1.0" encoding="utf-8"?>
<Project ToolsVersion="4.0" xmlns="http://schemas.microsoft.com/developer/msbuild/2003">
  <ItemGroup>
    <ClCompile Include="stdafx.cpp" />
    <ClCompile Include="info\runtime.information.cpp">
      <Filter>info</Filter>
    </ClCompile>
    <ClCompile Include="dh.timer.cpp" />
    <ClCompile Include="dh.tracing.cpp" />
    <ClCompile Include="rectz.cpp" />
    <ClCompile Include="string.utils.format.cpp" />
    <ClCompile Include="dev.assistance\dev.assist.cpp">
      <Filter>dev.assistance</Filter>
    </ClCompile>
    <ClCompile Include="rect.alloc.cpp" />
    <ClCompile Include="shell.imagelist.cpp" />
    <ClCompile Include="icons.dll.cpp" />
    <ClCompile Include="settings.cpp" />
    <ClCompile Include="windows.uses.gdi+.cpp" />
    <ClCompile Include="icons.save.m1.cpp" />
    <ClCompile Include="windows.wtl.buffered.paint.cpp" />
    <ClCompile Include="WTL\CColorButton.cpp">
      <Filter>WTL</Filter>
    </ClCompile>
    <ClCompile Include="WTL\CColorPicker.cpp">
      <Filter>WTL</Filter>
    </ClCompile>
    <ClCompile Include="WTL\CSpectrumImage.cpp">
      <Filter>WTL</Filter>
    </ClCompile>
  </ItemGroup>
  <ItemGroup>
    <ClInclude Include="stdafx.h" />
    <ClInclude Include="info\runtime.information.h">
      <Filter>info</Filter>
    </ClInclude>
    <ClInclude Include="dh.timer.h" />
    <ClInclude Include="dh.tracing.h" />
    <ClInclude Include="rectz.h" />
    <ClInclude Include="string.utils.format.h" />
    <ClInclude Include="dev.assistance\dev.assist.h">
      <Filter>dev.assistance</Filter>
    </ClInclude>
    <ClInclude Include="dev.assistance\list.view.exstyles.h">
      <Filter>dev.assistance</Filter>
    </ClInclude>
    <ClInclude Include="dev.assistance\list.view.styles.h">
      <Filter>dev.assistance</Filter>
    </ClInclude>
    <ClInclude Include="dev.assistance\notify.codes.h">
      <Filter>dev.assistance</Filter>
    </ClInclude>
    <ClInclude Include="dev.assistance\virtual.keys.consts.h">
      <Filter>dev.assistance</Filter>
    </ClInclude>
    <ClInclude Include="dev.assistance\window.messages.consts.h">
      <Filter>dev.assistance</Filter>
    </ClInclude>
    <ClInclude Include="rect.alloc.h" />
    <ClInclude Include="rect.aspect.ratio.h" />
    <ClInclude Include="rect.gdi+.h" />
    <ClInclude Include="rect.putinto.h" />
    <ClInclude Include="rect.screen.h" />
    <ClInclude Include="shell.imagelist.h" />
    <ClInclude Include="icons.dll.h" />
    <ClInclude Include="settings.h" />
    <ClInclude Include="windows.uses.gdi+.h" />
    <ClInclude Include="debug.dump.msg.h" />
    <ClInclude Include="windows.wtl.buffered.paint.h" />
    <ClInclude Include="WTL\CColorPicker.h">
      <Filter>WTL</Filter>
    </ClInclude>
    <ClInclude Include="WTL\CColorButton.h">
      <Filter>WTL</Filter>
    </ClInclude>
    <ClInclude Include="WTL\CButtonMenu.h">
      <Filter>WTL</Filter>
    </ClInclude>
    <ClInclude Include="WTL\CSpectrumImage.h">
      <Filter>WTL</Filter>
    </ClInclude>
  </ItemGroup>
  <ItemGroup>
    <Filter Include="info">
      <UniqueIdentifier>{ce25371b-ae6a-4707-b739-4dd723b67a72}</UniqueIdentifier>
    </Filter>
    <Filter Include="dev.assistance">
      <UniqueIdentifier>{f3e05629-8356-44e1-addf-c389094f1804}</UniqueIdentifier>
    </Filter>
    <Filter Include="WTL">
      <UniqueIdentifier>{f06b3532-bd6a-4f40-ac4f-ea9c849e4bf5}</UniqueIdentifier>
    </Filter>
  </ItemGroup>
</Project>