<?xml version="1.0" encoding="utf-8"?>
<Project ToolsVersion="4.0" xmlns="http://schemas.microsoft.com/developer/msbuild/2003">
  <ItemGroup>
    <ClCompile Include="info\runtime.information.cpp">
      <Filter>info</Filter>
    </ClCompile>
    <ClCompile Include="dev.assistance\dev.assist.cpp">
      <Filter>dev.assistance</Filter>
    </ClCompile>
    <ClCompile Include="WTL\CColorButton.cpp">
      <Filter>WTL</Filter>
    </ClCompile>
    <ClCompile Include="WTL\CColorPicker.cpp">
      <Filter>WTL</Filter>
    </ClCompile>
    <ClCompile Include="WTL\CSpectrumImage.cpp">
      <Filter>WTL</Filter>
    </ClCompile>
    <ClCompile Include="DDraw.DGI\CeXDib.cpp">
      <Filter>DDraw.DGI</Filter>
    </ClCompile>
    <ClCompile Include="DDraw.DGI\DDGDIStuff.cpp">
      <Filter>DDraw.DGI</Filter>
    </ClCompile>
    <ClCompile Include="WTL\CSpectrumSlider.cpp">
      <Filter>WTL</Filter>
    </ClCompile>
    <ClCompile Include="..\exa\wtl.color.picker\GTDrawHelper.cpp">
      <Filter>DDraw.DGI</Filter>
    </ClCompile>
    <ClCompile Include="WTL\CColorPickerDefs.cpp">
      <Filter>WTL</Filter>
    </ClCompile>
    <ClCompile Include="WTL\CAppModuleRef.cpp">
      <Filter>WTL</Filter>
    </ClCompile>
    <ClCompile Include="WTL\CDDCtl.cpp">
      <Filter>WTL</Filter>
    </ClCompile>
    <ClCompile Include="WTL\CCustomCtrl.cpp">
      <Filter>WTL</Filter>
    </ClCompile>
    <ClCompile Include="WTL\CDCEx.cpp">
      <Filter>WTL</Filter>
    </ClCompile>
    <ClCompile Include="color.stuff.cpp">
      <Filter>Unsorted</Filter>
    </ClCompile>
    <ClCompile Include="dh.timer.cpp">
      <Filter>Unsorted</Filter>
    </ClCompile>
    <ClCompile Include="dh.tracing.cpp">
      <Filter>Unsorted</Filter>
    </ClCompile>
    <ClCompile Include="icons.dll.cpp">
      <Filter>Unsorted</Filter>
    </ClCompile>
    <ClCompile Include="icons.save.m1.cpp">
      <Filter>Unsorted</Filter>
    </ClCompile>
    <ClCompile Include="rect.alloc.cpp">
      <Filter>Unsorted</Filter>
    </ClCompile>
    <ClCompile Include="rectz.cpp">
      <Filter>Unsorted</Filter>
    </ClCompile>
    <ClCompile Include="settings.cpp">
      <Filter>Unsorted</Filter>
    </ClCompile>
    <ClCompile Include="shell.imagelist.cpp">
      <Filter>Unsorted</Filter>
    </ClCompile>
    <ClCompile Include="stdafx.cpp">
      <Filter>Unsorted</Filter>
    </ClCompile>
    <ClCompile Include="string.utils.format.cpp">
      <Filter>Unsorted</Filter>
    </ClCompile>
    <ClCompile Include="windows.uses.gdi+.cpp">
      <Filter>Unsorted</Filter>
    </ClCompile>
    <ClCompile Include="windows.wtl.buffered.paint.cpp">
      <Filter>Unsorted</Filter>
    </ClCompile>
  </ItemGroup>
  <ItemGroup>
    <ClInclude Include="info\runtime.information.h">
      <Filter>info</Filter>
    </ClInclude>
    <ClInclude Include="dev.assistance\dev.assist.h">
      <Filter>dev.assistance</Filter>
    </ClInclude>
    <ClInclude Include="dev.assistance\list.view.exstyles.h">
      <Filter>dev.assistance</Filter>
    </ClInclude>
    <ClInclude Include="dev.assistance\list.view.styles.h">
      <Filter>dev.assistance</Filter>
    </ClInclude>
    <ClInclude Include="dev.assistance\notify.codes.h">
      <Filter>dev.assistance</Filter>
    </ClInclude>
    <ClInclude Include="dev.assistance\virtual.keys.consts.h">
      <Filter>dev.assistance</Filter>
    </ClInclude>
    <ClInclude Include="dev.assistance\window.messages.consts.h">
      <Filter>dev.assistance</Filter>
    </ClInclude>
    <ClInclude Include="WTL\CColorPicker.h">
      <Filter>WTL</Filter>
    </ClInclude>
    <ClInclude Include="WTL\CColorButton.h">
      <Filter>WTL</Filter>
    </ClInclude>
    <ClInclude Include="WTL\CButtonMenu.h">
      <Filter>WTL</Filter>
    </ClInclude>
    <ClInclude Include="WTL\CSpectrumImage.h">
      <Filter>WTL</Filter>
    </ClInclude>
    <ClInclude Include="DDraw.DGI\CeXDib.h">
      <Filter>DDraw.DGI</Filter>
    </ClInclude>
    <ClInclude Include="DDraw.DGI\DDGDIStuff.h">
      <Filter>DDraw.DGI</Filter>
    </ClInclude>
    <ClInclude Include="WTL\CCustomCtrl.h">
      <Filter>WTL</Filter>
    </ClInclude>
    <ClInclude Include="WTL\CSliderCtrl.h">
      <Filter>WTL</Filter>
    </ClInclude>
    <ClInclude Include="WTL\CSpectrumSlider.h">
      <Filter>WTL</Filter>
    </ClInclude>
    <ClInclude Include="..\exa\wtl.color.picker\GTDrawHelper.h">
      <Filter>DDraw.DGI</Filter>
    </ClInclude>
    <ClInclude Include="WTL\CColorPickerDefs.h">
      <Filter>WTL</Filter>
    </ClInclude>
    <ClInclude Include="WTL\CAppModuleRef.h">
      <Filter>WTL</Filter>
    </ClInclude>
    <ClInclude Include="WTL\CDDCtl.h">
      <Filter>WTL</Filter>
    </ClInclude>
    <ClInclude Include="WTL\CDCEx.h">
      <Filter>WTL</Filter>
    </ClInclude>
    <ClInclude Include="color.stuff.h">
      <Filter>Unsorted</Filter>
    </ClInclude>
    <ClInclude Include="debug.dump.msg.h">
      <Filter>Unsorted</Filter>
    </ClInclude>
    <ClInclude Include="dh.timer.h">
      <Filter>Unsorted</Filter>
    </ClInclude>
    <ClInclude Include="dh.tracing.h">
      <Filter>Unsorted</Filter>
    </ClInclude>
    <ClInclude Include="icons.dll.h">
      <Filter>Unsorted</Filter>
    </ClInclude>
    <ClInclude Include="rect.alloc.h">
      <Filter>Unsorted</Filter>
    </ClInclude>
    <ClInclude Include="rect.aspect.ratio.h">
      <Filter>Unsorted</Filter>
    </ClInclude>
    <ClInclude Include="rect.gdi+.h">
      <Filter>Unsorted</Filter>
    </ClInclude>
    <ClInclude Include="rect.putinto.h">
      <Filter>Unsorted</Filter>
    </ClInclude>
    <ClInclude Include="rect.screen.h">
      <Filter>Unsorted</Filter>
    </ClInclude>
    <ClInclude Include="rectz.h">
      <Filter>Unsorted</Filter>
    </ClInclude>
    <ClInclude Include="scoped.bool.guard.h">
      <Filter>Unsorted</Filter>
    </ClInclude>
    <ClInclude Include="settings.h">
      <Filter>Unsorted</Filter>
    </ClInclude>
    <ClInclude Include="shell.imagelist.h">
      <Filter>Unsorted</Filter>
    </ClInclude>
    <ClInclude Include="stdafx.h">
      <Filter>Unsorted</Filter>
    </ClInclude>
    <ClInclude Include="string.utils.format.h">
      <Filter>Unsorted</Filter>
    </ClInclude>
    <ClInclude Include="windows.uses.gdi+.h">
      <Filter>Unsorted</Filter>
    </ClInclude>
    <ClInclude Include="windows.wtl.buffered.paint.h">
      <Filter>Unsorted</Filter>
    </ClInclude>
  </ItemGroup>
  <ItemGroup>
    <Filter Include="info">
      <UniqueIdentifier>{ce25371b-ae6a-4707-b739-4dd723b67a72}</UniqueIdentifier>
    </Filter>
    <Filter Include="dev.assistance">
      <UniqueIdentifier>{f3e05629-8356-44e1-addf-c389094f1804}</UniqueIdentifier>
    </Filter>
    <Filter Include="WTL">
      <UniqueIdentifier>{f06b3532-bd6a-4f40-ac4f-ea9c849e4bf5}</UniqueIdentifier>
    </Filter>
    <Filter Include="DDraw.DGI">
      <UniqueIdentifier>{1e6f2916-ae30-47df-94ea-361edd95b386}</UniqueIdentifier>
    </Filter>
    <Filter Include="Unsorted">
      <UniqueIdentifier>{c4c54ce6-b441-4385-90c3-1cd0bc2ed81e}</UniqueIdentifier>
    </Filter>
  </ItemGroup>
</Project>