<?xml version="1.0" encoding="utf-8"?>
<Project ToolsVersion="4.0" xmlns="http://schemas.microsoft.com/developer/msbuild/2003">
  <ItemGroup>
    <ClCompile Include="wcd.color.picker.cpp" />
    <ClCompile Include="stdafx.cpp" />
  </ItemGroup>
  <ItemGroup>
    <ClInclude Include="stdafx.h" />
    <ClInclude Include="targetver.h" />
    <ClInclude Include="resource.h">
      <Filter>rez</Filter>
    </ClInclude>
    <ClInclude Include="wcd.color.picker.dlg.h" />
  </ItemGroup>
  <ItemGroup>
    <Filter Include="rez">
      <UniqueIdentifier>{080ab291-e31a-4c91-93bc-ec4c7a1c8560}</UniqueIdentifier>
    </Filter>
  </ItemGroup>
  <ItemGroup>
    <Image Include="wcd.color.picker.ico">
      <Filter>rez</Filter>
    </Image>
  </ItemGroup>
  <ItemGroup>
    <ResourceCompile Include="wcd.color.picker.rc">
      <Filter>rez</Filter>
    </ResourceCompile>
  </ItemGroup>
  <ItemGroup>
    <Manifest Include="wcd.color.picker.exe.manifest">
      <Filter>rez</Filter>
    </Manifest>
  </ItemGroup>
</Project>