
Microsoft Visual Studio Solution File, Format Version 12.00
# Visual Studio 2012
Project("{2150E333-8FDC-42A3-9474-1A3956D46DE8}") = "libs", "libs", "{E4545F17-1594-487B-85DF-1C4FE90F5390}"
EndProject
Project("{2150E333-8FDC-42A3-9474-1A3956D46DE8}") = "boost", "boost", "{D4413046-0D94-411D-8F51-9AC64E1C8D35}"
EndProject
Project("{8BC9CEB8-8B4A-11D0-8D11-00A0C91BC942}") = "boost.asio", "..\libs\boost\src\asio\boost.asio.vcxproj", "{4CE051E5-6EE1-46A7-BB20-88D98AACF5B3}"
EndProject
Project("{8BC9CEB8-8B4A-11D0-8D11-00A0C91BC942}") = "boost.system", "..\libs\boost\src\system\boost.system.vcxproj", "{45A4120F-54B1-47F1-A900-A76EDECFBD9C}"
EndProject
Project("{8BC9CEB8-8B4A-11D0-8D11-00A0C91BC942}") = "dummy", "dummy\dummy.vcxproj", "{C7D8F9F6-6B14-4251-A4B3-02B457DA0ECB}"
EndProject
Project("{8BC9CEB8-8B4A-11D0-8D11-00A0C91BC942}") = "boost.chrono", "..\libs\boost\src\chrono\boost.chrono.vcxproj", "{21EB4459-AA59-4838-A4E9-D552C0656A2A}"
EndProject
Project("{8BC9CEB8-8B4A-11D0-8D11-00A0C91BC942}") = "boost.date_time", "..\libs\boost\src\date_time\boost.date_time.vcxproj", "{E0311EE9-C106-4C18-B631-1BA4729527E8}"
EndProject
Project("{8BC9CEB8-8B4A-11D0-8D11-00A0C91BC942}") = "boost.filesystem", "..\libs\boost\src\filesystem\boost.filesystem.vcxproj", "{5602421B-B302-423F-9A3E-A127B36181CD}"
EndProject
Project("{8BC9CEB8-8B4A-11D0-8D11-00A0C91BC942}") = "boost.regex", "..\libs\boost\src\regex\boost.regex.vcxproj", "{67605333-9EB7-4135-BB2C-08C53621374A}"
EndProject
Project("{8BC9CEB8-8B4A-11D0-8D11-00A0C91BC942}") = "boost.serialization", "..\libs\boost\src\serialization\boost.serialization.vcxproj", "{A9A8F593-D91E-40E0-B8FB-27A098D44F7F}"
EndProject
Project("{8BC9CEB8-8B4A-11D0-8D11-00A0C91BC942}") = "boost.thread", "..\libs\boost\src\thread\boost.thread.vcxproj", "{32E27E0B-D18C-4E5B-A272-54EE92475B7F}"
EndProject
Global
	GlobalSection(SolutionConfigurationPlatforms) = preSolution
		debug|Win32 = debug|Win32
		debug|x64 = debug|x64
		product|Win32 = product|Win32
		product|x64 = product|x64
		release|Win32 = release|Win32
		release|x64 = release|x64
	EndGlobalSection
	GlobalSection(ProjectConfigurationPlatforms) = postSolution
		{4CE051E5-6EE1-46A7-BB20-88D98AACF5B3}.debug|Win32.ActiveCfg = Debug|Win32
		{4CE051E5-6EE1-46A7-BB20-88D98AACF5B3}.debug|Win32.Build.0 = Debug|Win32
		{4CE051E5-6EE1-46A7-BB20-88D98AACF5B3}.debug|x64.ActiveCfg = debug|x64
		{4CE051E5-6EE1-46A7-BB20-88D98AACF5B3}.debug|x64.Build.0 = debug|x64
		{4CE051E5-6EE1-46A7-BB20-88D98AACF5B3}.product|Win32.ActiveCfg = product|Win32
		{4CE051E5-6EE1-46A7-BB20-88D98AACF5B3}.product|Win32.Build.0 = product|Win32
		{4CE051E5-6EE1-46A7-BB20-88D98AACF5B3}.product|x64.ActiveCfg = product|x64
		{4CE051E5-6EE1-46A7-BB20-88D98AACF5B3}.product|x64.Build.0 = product|x64
		{4CE051E5-6EE1-46A7-BB20-88D98AACF5B3}.release|Win32.ActiveCfg = Debug|Win32
		{4CE051E5-6EE1-46A7-BB20-88D98AACF5B3}.release|Win32.Build.0 = Debug|Win32
		{4CE051E5-6EE1-46A7-BB20-88D98AACF5B3}.release|x64.ActiveCfg = product|x64
		{4CE051E5-6EE1-46A7-BB20-88D98AACF5B3}.release|x64.Build.0 = product|x64
		{45A4120F-54B1-47F1-A900-A76EDECFBD9C}.debug|Win32.ActiveCfg = Debug|Win32
		{45A4120F-54B1-47F1-A900-A76EDECFBD9C}.debug|Win32.Build.0 = Debug|Win32
		{45A4120F-54B1-47F1-A900-A76EDECFBD9C}.debug|x64.ActiveCfg = debug|x64
		{45A4120F-54B1-47F1-A900-A76EDECFBD9C}.debug|x64.Build.0 = debug|x64
		{45A4120F-54B1-47F1-A900-A76EDECFBD9C}.product|Win32.ActiveCfg = product|Win32
		{45A4120F-54B1-47F1-A900-A76EDECFBD9C}.product|Win32.Build.0 = product|Win32
		{45A4120F-54B1-47F1-A900-A76EDECFBD9C}.product|x64.ActiveCfg = product|x64
		{45A4120F-54B1-47F1-A900-A76EDECFBD9C}.product|x64.Build.0 = product|x64
		{45A4120F-54B1-47F1-A900-A76EDECFBD9C}.release|Win32.ActiveCfg = product|Win32
		{45A4120F-54B1-47F1-A900-A76EDECFBD9C}.release|Win32.Build.0 = product|Win32
		{45A4120F-54B1-47F1-A900-A76EDECFBD9C}.release|x64.ActiveCfg = product|x64
		{45A4120F-54B1-47F1-A900-A76EDECFBD9C}.release|x64.Build.0 = product|x64
		{C7D8F9F6-6B14-4251-A4B3-02B457DA0ECB}.debug|Win32.ActiveCfg = Debug|Win32
		{C7D8F9F6-6B14-4251-A4B3-02B457DA0ECB}.debug|Win32.Build.0 = Debug|Win32
		{C7D8F9F6-6B14-4251-A4B3-02B457DA0ECB}.debug|x64.ActiveCfg = debug|x64
		{C7D8F9F6-6B14-4251-A4B3-02B457DA0ECB}.debug|x64.Build.0 = debug|x64
		{C7D8F9F6-6B14-4251-A4B3-02B457DA0ECB}.product|Win32.ActiveCfg = product|Win32
		{C7D8F9F6-6B14-4251-A4B3-02B457DA0ECB}.product|Win32.Build.0 = product|Win32
		{C7D8F9F6-6B14-4251-A4B3-02B457DA0ECB}.product|x64.ActiveCfg = product|x64
		{C7D8F9F6-6B14-4251-A4B3-02B457DA0ECB}.product|x64.Build.0 = product|x64
		{C7D8F9F6-6B14-4251-A4B3-02B457DA0ECB}.release|Win32.ActiveCfg = Debug|Win32
		{C7D8F9F6-6B14-4251-A4B3-02B457DA0ECB}.release|Win32.Build.0 = Debug|Win32
		{C7D8F9F6-6B14-4251-A4B3-02B457DA0ECB}.release|x64.ActiveCfg = debug|x64
		{C7D8F9F6-6B14-4251-A4B3-02B457DA0ECB}.release|x64.Build.0 = debug|x64
		{21EB4459-AA59-4838-A4E9-D552C0656A2A}.debug|Win32.ActiveCfg = Debug|Win32
		{21EB4459-AA59-4838-A4E9-D552C0656A2A}.debug|Win32.Build.0 = Debug|Win32
		{21EB4459-AA59-4838-A4E9-D552C0656A2A}.debug|x64.ActiveCfg = debug|x64
		{21EB4459-AA59-4838-A4E9-D552C0656A2A}.debug|x64.Build.0 = debug|x64
		{21EB4459-AA59-4838-A4E9-D552C0656A2A}.product|Win32.ActiveCfg = product|Win32
		{21EB4459-AA59-4838-A4E9-D552C0656A2A}.product|Win32.Build.0 = product|Win32
		{21EB4459-AA59-4838-A4E9-D552C0656A2A}.product|x64.ActiveCfg = product|x64
		{21EB4459-AA59-4838-A4E9-D552C0656A2A}.product|x64.Build.0 = product|x64
		{21EB4459-AA59-4838-A4E9-D552C0656A2A}.release|Win32.ActiveCfg = release|Win32
		{21EB4459-AA59-4838-A4E9-D552C0656A2A}.release|Win32.Build.0 = release|Win32
		{21EB4459-AA59-4838-A4E9-D552C0656A2A}.release|x64.ActiveCfg = release|x64
		{21EB4459-AA59-4838-A4E9-D552C0656A2A}.release|x64.Build.0 = release|x64
		{E0311EE9-C106-4C18-B631-1BA4729527E8}.debug|Win32.ActiveCfg = Debug|Win32
		{E0311EE9-C106-4C18-B631-1BA4729527E8}.debug|Win32.Build.0 = Debug|Win32
		{E0311EE9-C106-4C18-B631-1BA4729527E8}.debug|x64.ActiveCfg = debug|x64
		{E0311EE9-C106-4C18-B631-1BA4729527E8}.debug|x64.Build.0 = debug|x64
		{E0311EE9-C106-4C18-B631-1BA4729527E8}.product|Win32.ActiveCfg = product|Win32
		{E0311EE9-C106-4C18-B631-1BA4729527E8}.product|Win32.Build.0 = product|Win32
		{E0311EE9-C106-4C18-B631-1BA4729527E8}.product|x64.ActiveCfg = product|x64
		{E0311EE9-C106-4C18-B631-1BA4729527E8}.product|x64.Build.0 = product|x64
		{E0311EE9-C106-4C18-B631-1BA4729527E8}.release|Win32.ActiveCfg = release|Win32
		{E0311EE9-C106-4C18-B631-1BA4729527E8}.release|Win32.Build.0 = release|Win32
		{E0311EE9-C106-4C18-B631-1BA4729527E8}.release|x64.ActiveCfg = release|x64
		{E0311EE9-C106-4C18-B631-1BA4729527E8}.release|x64.Build.0 = release|x64
		{5602421B-B302-423F-9A3E-A127B36181CD}.debug|Win32.ActiveCfg = Debug|Win32
		{5602421B-B302-423F-9A3E-A127B36181CD}.debug|Win32.Build.0 = Debug|Win32
		{5602421B-B302-423F-9A3E-A127B36181CD}.debug|x64.ActiveCfg = debug|x64
		{5602421B-B302-423F-9A3E-A127B36181CD}.debug|x64.Build.0 = debug|x64
		{5602421B-B302-423F-9A3E-A127B36181CD}.product|Win32.ActiveCfg = product|Win32
		{5602421B-B302-423F-9A3E-A127B36181CD}.product|Win32.Build.0 = product|Win32
		{5602421B-B302-423F-9A3E-A127B36181CD}.product|x64.ActiveCfg = product|x64
		{5602421B-B302-423F-9A3E-A127B36181CD}.product|x64.Build.0 = product|x64
		{5602421B-B302-423F-9A3E-A127B36181CD}.release|Win32.ActiveCfg = release|Win32
		{5602421B-B302-423F-9A3E-A127B36181CD}.release|Win32.Build.0 = release|Win32
		{5602421B-B302-423F-9A3E-A127B36181CD}.release|x64.ActiveCfg = release|x64
		{5602421B-B302-423F-9A3E-A127B36181CD}.release|x64.Build.0 = release|x64
		{67605333-9EB7-4135-BB2C-08C53621374A}.debug|Win32.ActiveCfg = Debug|Win32
		{67605333-9EB7-4135-BB2C-08C53621374A}.debug|Win32.Build.0 = Debug|Win32
		{67605333-9EB7-4135-BB2C-08C53621374A}.debug|x64.ActiveCfg = debug|x64
		{67605333-9EB7-4135-BB2C-08C53621374A}.debug|x64.Build.0 = debug|x64
		{67605333-9EB7-4135-BB2C-08C53621374A}.product|Win32.ActiveCfg = product|Win32
		{67605333-9EB7-4135-BB2C-08C53621374A}.product|Win32.Build.0 = product|Win32
		{67605333-9EB7-4135-BB2C-08C53621374A}.product|x64.ActiveCfg = product|x64
		{67605333-9EB7-4135-BB2C-08C53621374A}.product|x64.Build.0 = product|x64
		{67605333-9EB7-4135-BB2C-08C53621374A}.release|Win32.ActiveCfg = release|Win32
		{67605333-9EB7-4135-BB2C-08C53621374A}.release|Win32.Build.0 = release|Win32
		{67605333-9EB7-4135-BB2C-08C53621374A}.release|x64.ActiveCfg = release|x64
		{67605333-9EB7-4135-BB2C-08C53621374A}.release|x64.Build.0 = release|x64
		{A9A8F593-D91E-40E0-B8FB-27A098D44F7F}.debug|Win32.ActiveCfg = Debug|Win32
		{A9A8F593-D91E-40E0-B8FB-27A098D44F7F}.debug|Win32.Build.0 = Debug|Win32
		{A9A8F593-D91E-40E0-B8FB-27A098D44F7F}.debug|x64.ActiveCfg = debug|x64
		{A9A8F593-D91E-40E0-B8FB-27A098D44F7F}.debug|x64.Build.0 = debug|x64
		{A9A8F593-D91E-40E0-B8FB-27A098D44F7F}.product|Win32.ActiveCfg = product|Win32
		{A9A8F593-D91E-40E0-B8FB-27A098D44F7F}.product|Win32.Build.0 = product|Win32
		{A9A8F593-D91E-40E0-B8FB-27A098D44F7F}.product|x64.ActiveCfg = product|x64
		{A9A8F593-D91E-40E0-B8FB-27A098D44F7F}.product|x64.Build.0 = product|x64
		{A9A8F593-D91E-40E0-B8FB-27A098D44F7F}.release|Win32.ActiveCfg = release|Win32
		{A9A8F593-D91E-40E0-B8FB-27A098D44F7F}.release|Win32.Build.0 = release|Win32
		{A9A8F593-D91E-40E0-B8FB-27A098D44F7F}.release|x64.ActiveCfg = release|x64
		{A9A8F593-D91E-40E0-B8FB-27A098D44F7F}.release|x64.Build.0 = release|x64
		{32E27E0B-D18C-4E5B-A272-54EE92475B7F}.debug|Win32.ActiveCfg = Debug|Win32
		{32E27E0B-D18C-4E5B-A272-54EE92475B7F}.debug|Win32.Build.0 = Debug|Win32
		{32E27E0B-D18C-4E5B-A272-54EE92475B7F}.debug|x64.ActiveCfg = debug|x64
		{32E27E0B-D18C-4E5B-A272-54EE92475B7F}.debug|x64.Build.0 = debug|x64
		{32E27E0B-D18C-4E5B-A272-54EE92475B7F}.product|Win32.ActiveCfg = product|Win32
		{32E27E0B-D18C-4E5B-A272-54EE92475B7F}.product|Win32.Build.0 = product|Win32
		{32E27E0B-D18C-4E5B-A272-54EE92475B7F}.product|x64.ActiveCfg = product|x64
		{32E27E0B-D18C-4E5B-A272-54EE92475B7F}.product|x64.Build.0 = product|x64
		{32E27E0B-D18C-4E5B-A272-54EE92475B7F}.release|Win32.ActiveCfg = release|Win32
		{32E27E0B-D18C-4E5B-A272-54EE92475B7F}.release|Win32.Build.0 = release|Win32
		{32E27E0B-D18C-4E5B-A272-54EE92475B7F}.release|x64.ActiveCfg = release|x64
		{32E27E0B-D18C-4E5B-A272-54EE92475B7F}.release|x64.Build.0 = release|x64
	EndGlobalSection
	GlobalSection(SolutionProperties) = preSolution
		HideSolutionNode = FALSE
	EndGlobalSection
	GlobalSection(NestedProjects) = preSolution
		{D4413046-0D94-411D-8F51-9AC64E1C8D35} = {E4545F17-1594-487B-85DF-1C4FE90F5390}
		{4CE051E5-6EE1-46A7-BB20-88D98AACF5B3} = {D4413046-0D94-411D-8F51-9AC64E1C8D35}
		{45A4120F-54B1-47F1-A900-A76EDECFBD9C} = {D4413046-0D94-411D-8F51-9AC64E1C8D35}
		{21EB4459-AA59-4838-A4E9-D552C0656A2A} = {D4413046-0D94-411D-8F51-9AC64E1C8D35}
		{E0311EE9-C106-4C18-B631-1BA4729527E8} = {D4413046-0D94-411D-8F51-9AC64E1C8D35}
		{5602421B-B302-423F-9A3E-A127B36181CD} = {D4413046-0D94-411D-8F51-9AC64E1C8D35}
		{67605333-9EB7-4135-BB2C-08C53621374A} = {D4413046-0D94-411D-8F51-9AC64E1C8D35}
		{A9A8F593-D91E-40E0-B8FB-27A098D44F7F} = {D4413046-0D94-411D-8F51-9AC64E1C8D35}
		{32E27E0B-D18C-4E5B-A272-54EE92475B7F} = {D4413046-0D94-411D-8F51-9AC64E1C8D35}
	EndGlobalSection
EndGlobal
